
Microsoft Visual Studio Solution File, Format Version 12.00
# Visual Studio Version 16
VisualStudioVersion = 16.0.30804.86
MinimumVisualStudioVersion = 10.0.40219.1
Project("{8BC9CEB8-8B4A-11D0-8D11-00A0C91BC942}") = "Take", "Take\Take.vcxproj", "{97321A77-6D7E-4074-985A-40BB8C54753D}"
EndProject
Project("{8BC9CEB8-8B4A-11D0-8D11-00A0C91BC942}") = "UnitTests", "UnitTests\UnitTests.vcxproj", "{C296A886-30D9-4659-A416-A084F595A5E1}"
EndProject
Global
	GlobalSection(SolutionConfigurationPlatforms) = preSolution
		Debug|x86 = Debug|x86
		Release|x86 = Release|x86
	EndGlobalSection
	GlobalSection(ProjectConfigurationPlatforms) = postSolution
		{97321A77-6D7E-4074-985A-40BB8C54753D}.Debug|x86.ActiveCfg = Debug|Win32
		{97321A77-6D7E-4074-985A-40BB8C54753D}.Debug|x86.Build.0 = Debug|Win32
		{97321A77-6D7E-4074-985A-40BB8C54753D}.Release|x86.ActiveCfg = Release|Win32
		{97321A77-6D7E-4074-985A-40BB8C54753D}.Release|x86.Build.0 = Release|Win32
		{C296A886-30D9-4659-A416-A084F595A5E1}.Debug|x86.ActiveCfg = Debug|Win32
		{C296A886-30D9-4659-A416-A084F595A5E1}.Debug|x86.Build.0 = Debug|Win32
		{C296A886-30D9-4659-A416-A084F595A5E1}.Release|x86.ActiveCfg = Release|Win32
		{C296A886-30D9-4659-A416-A084F595A5E1}.Release|x86.Build.0 = Release|Win32
	EndGlobalSection
	GlobalSection(SolutionProperties) = preSolution
		HideSolutionNode = FALSE
	EndGlobalSection
	GlobalSection(ExtensibilityGlobals) = postSolution
		SolutionGuid = {4230788C-01E9-44A5-843D-8258EAF67FF3}
	EndGlobalSection
EndGlobal
